
Microsoft Visual Studio Solution File, Format Version 12.00
# Visual Studio Version 17
VisualStudioVersion = 17.12.35514.174
MinimumVisualStudioVersion = 10.0.40219.1
Project("{FAE04EC0-301F-11D3-BF4B-00C04F79EFBC}") = "OrganizaMed.WebApp", "organiza-med-tcc\OrganizaMed.WebApp.csproj", "{C3CE1BBF-CEBF-4C0A-AC76-BBAC07A33DD0}"
EndProject
Project("{2150E333-8FDC-42A3-9474-1A3956D46DE8}") = "1. Apresentação", "1. Apresentação", "{33FCB7B4-E34A-4B91-AAE4-14C7FC409973}"
EndProject
Project("{2150E333-8FDC-42A3-9474-1A3956D46DE8}") = "2. Aplicação", "2. Aplicação", "{78A7B984-9407-40AF-BE16-7896A78A683B}"
EndProject
Project("{2150E333-8FDC-42A3-9474-1A3956D46DE8}") = "3. Domínio", "3. Domínio", "{8C27BD5F-138E-4154-B6F0-6033D5ED5266}"
EndProject
Project("{2150E333-8FDC-42A3-9474-1A3956D46DE8}") = "4. Infra", "4. Infra", "{33A42668-9880-4E0B-AF34-ECE59EF367D6}"
EndProject
Project("{2150E333-8FDC-42A3-9474-1A3956D46DE8}") = "5. Testes", "5. Testes", "{26BFBFCE-FEE6-4566-83EA-DA4EAF6A5250}"
EndProject
Project("{FAE04EC0-301F-11D3-BF4B-00C04F79EFBC}") = "OrganizaMed.Dominio", "OrganizaMed.Dominio\OrganizaMed.Dominio.csproj", "{F401C725-31A1-4E40-B318-D21AE88DEFED}"
EndProject
Project("{FAE04EC0-301F-11D3-BF4B-00C04F79EFBC}") = "OrganizaMed.Infra", "OrganizaMed.Infra\OrganizaMed.Infra.csproj", "{4BA9BE07-5A3B-4B14-89AC-DB2CB2BFC5F2}"
EndProject
Project("{2150E333-8FDC-42A3-9474-1A3956D46DE8}") = "5.1 Unidade", "5.1 Unidade", "{623E8B5B-E325-48F7-A7C5-40FD9C091441}"
EndProject
Project("{2150E333-8FDC-42A3-9474-1A3956D46DE8}") = "5.2 Integracao", "5.2 Integracao", "{741F5696-CBB0-4FC7-9105-8953B98BD94B}"
EndProject
Project("{FAE04EC0-301F-11D3-BF4B-00C04F79EFBC}") = "OrganizaMed.Testes.Unidade", "OrganizaMed.Testes.Unidade\OrganizaMed.Testes.Unidade.csproj", "{0AB4D7CF-030E-4F2B-9121-C6892572B5B7}"
EndProject
Project("{FAE04EC0-301F-11D3-BF4B-00C04F79EFBC}") = "OrganizaMed.Testes.Integracao", "OrganizaMed.Testes.Integracao\OrganizaMed.Testes.Integracao.csproj", "{D7290FC2-A96D-4D3A-A3D4-73A40AEA0500}"
EndProject
Project("{FAE04EC0-301F-11D3-BF4B-00C04F79EFBC}") = "OrganizaMed.Aplicacao", "OrganizaMed.Aplicacao\OrganizaMed.Aplicacao.csproj", "{3E9A5CAC-7295-4D83-B6E8-7AC0415D2D62}"
EndProject
Global
	GlobalSection(SolutionConfigurationPlatforms) = preSolution
		Debug|Any CPU = Debug|Any CPU
		Release|Any CPU = Release|Any CPU
	EndGlobalSection
	GlobalSection(ProjectConfigurationPlatforms) = postSolution
		{C3CE1BBF-CEBF-4C0A-AC76-BBAC07A33DD0}.Debug|Any CPU.ActiveCfg = Debug|Any CPU
		{C3CE1BBF-CEBF-4C0A-AC76-BBAC07A33DD0}.Debug|Any CPU.Build.0 = Debug|Any CPU
		{C3CE1BBF-CEBF-4C0A-AC76-BBAC07A33DD0}.Release|Any CPU.ActiveCfg = Release|Any CPU
		{C3CE1BBF-CEBF-4C0A-AC76-BBAC07A33DD0}.Release|Any CPU.Build.0 = Release|Any CPU
		{F401C725-31A1-4E40-B318-D21AE88DEFED}.Debug|Any CPU.ActiveCfg = Debug|Any CPU
		{F401C725-31A1-4E40-B318-D21AE88DEFED}.Debug|Any CPU.Build.0 = Debug|Any CPU
		{F401C725-31A1-4E40-B318-D21AE88DEFED}.Release|Any CPU.ActiveCfg = Release|Any CPU
		{F401C725-31A1-4E40-B318-D21AE88DEFED}.Release|Any CPU.Build.0 = Release|Any CPU
		{4BA9BE07-5A3B-4B14-89AC-DB2CB2BFC5F2}.Debug|Any CPU.ActiveCfg = Debug|Any CPU
		{4BA9BE07-5A3B-4B14-89AC-DB2CB2BFC5F2}.Debug|Any CPU.Build.0 = Debug|Any CPU
		{4BA9BE07-5A3B-4B14-89AC-DB2CB2BFC5F2}.Release|Any CPU.ActiveCfg = Release|Any CPU
		{4BA9BE07-5A3B-4B14-89AC-DB2CB2BFC5F2}.Release|Any CPU.Build.0 = Release|Any CPU
		{0AB4D7CF-030E-4F2B-9121-C6892572B5B7}.Debug|Any CPU.ActiveCfg = Debug|Any CPU
		{0AB4D7CF-030E-4F2B-9121-C6892572B5B7}.Debug|Any CPU.Build.0 = Debug|Any CPU
		{0AB4D7CF-030E-4F2B-9121-C6892572B5B7}.Release|Any CPU.ActiveCfg = Release|Any CPU
		{0AB4D7CF-030E-4F2B-9121-C6892572B5B7}.Release|Any CPU.Build.0 = Release|Any CPU
		{D7290FC2-A96D-4D3A-A3D4-73A40AEA0500}.Debug|Any CPU.ActiveCfg = Debug|Any CPU
		{D7290FC2-A96D-4D3A-A3D4-73A40AEA0500}.Debug|Any CPU.Build.0 = Debug|Any CPU
		{D7290FC2-A96D-4D3A-A3D4-73A40AEA0500}.Release|Any CPU.ActiveCfg = Release|Any CPU
		{D7290FC2-A96D-4D3A-A3D4-73A40AEA0500}.Release|Any CPU.Build.0 = Release|Any CPU
		{3E9A5CAC-7295-4D83-B6E8-7AC0415D2D62}.Debug|Any CPU.ActiveCfg = Debug|Any CPU
		{3E9A5CAC-7295-4D83-B6E8-7AC0415D2D62}.Debug|Any CPU.Build.0 = Debug|Any CPU
		{3E9A5CAC-7295-4D83-B6E8-7AC0415D2D62}.Release|Any CPU.ActiveCfg = Release|Any CPU
		{3E9A5CAC-7295-4D83-B6E8-7AC0415D2D62}.Release|Any CPU.Build.0 = Release|Any CPU
	EndGlobalSection
	GlobalSection(SolutionProperties) = preSolution
		HideSolutionNode = FALSE
	EndGlobalSection
	GlobalSection(NestedProjects) = preSolution
		{C3CE1BBF-CEBF-4C0A-AC76-BBAC07A33DD0} = {33FCB7B4-E34A-4B91-AAE4-14C7FC409973}
		{F401C725-31A1-4E40-B318-D21AE88DEFED} = {8C27BD5F-138E-4154-B6F0-6033D5ED5266}
		{4BA9BE07-5A3B-4B14-89AC-DB2CB2BFC5F2} = {33A42668-9880-4E0B-AF34-ECE59EF367D6}
		{623E8B5B-E325-48F7-A7C5-40FD9C091441} = {26BFBFCE-FEE6-4566-83EA-DA4EAF6A5250}
		{741F5696-CBB0-4FC7-9105-8953B98BD94B} = {26BFBFCE-FEE6-4566-83EA-DA4EAF6A5250}
		{0AB4D7CF-030E-4F2B-9121-C6892572B5B7} = {623E8B5B-E325-48F7-A7C5-40FD9C091441}
		{D7290FC2-A96D-4D3A-A3D4-73A40AEA0500} = {741F5696-CBB0-4FC7-9105-8953B98BD94B}
		{3E9A5CAC-7295-4D83-B6E8-7AC0415D2D62} = {78A7B984-9407-40AF-BE16-7896A78A683B}
	EndGlobalSection
EndGlobal
